{
  "name": "project",
  "lockfileVersion": 2,
  "requires": true,
  "packages": {
    "": {
      "dependencies": {
        "update-copyright": "^1.0.0"
      }
    },
    "node_modules/arr-flatten": {
      "version": "1.1.0",
      "resolved": "https://registry.npmjs.org/arr-flatten/-/arr-flatten-1.1.0.tgz",
      "integrity": "sha512-L3hKV5R/p5o81R7O02IGnwpDmkp6E982XhtbuwSe3O4qOtMMMtodicASA1Cny2U+aCXcNpml+m4dPsvsJ3jatg==",
      "engines": {
        "node": ">=0.10.0"
      }
    },
    "node_modules/array-unique": {
      "version": "0.2.1",
      "resolved": "https://registry.npmjs.org/array-unique/-/array-unique-0.2.1.tgz",
      "integrity": "sha512-G2n5bG5fSUCpnsXz4+8FUkYsGPkNfLn9YvS66U5qbTIXI2Ynnlo4Bi42bWv+omKUCqz+ejzfClwne0alJWJPhg==",
      "engines": {
        "node": ">=0.10.0"
      }
    },
    "node_modules/assign-deep": {
      "version": "0.4.8",
      "resolved": "https://registry.npmjs.org/assign-deep/-/assign-deep-0.4.8.tgz",
      "integrity": "sha512-uxqXJCnNZDEjPnsaLKVzmh/ST5+Pqoz0wi06HDfHKx1ASNpSbbvz2qW2Gl8ZyHwr5jnm11X2S5eMQaP1lMZmCg==",
      "dependencies": {
        "assign-symbols": "^0.1.1",
        "is-primitive": "^2.0.0",
        "kind-of": "^5.0.2"
      },
      "engines": {
        "node": ">=0.10.0"
      }
    },
    "node_modules/assign-deep/node_modules/kind-of": {
      "version": "5.1.0",
      "resolved": "https://registry.npmjs.org/kind-of/-/kind-of-5.1.0.tgz",
      "integrity": "sha512-NGEErnH6F2vUuXDh+OlbcKW7/wOcfdRHaZ7VWtqCztfHri/++YKmP51OdWeGPuqCOba6kk2OTe5d02VmTB80Pw==",
      "engines": {
        "node": ">=0.10.0"
      }
    },
    "node_modules/assign-symbols": {
      "version": "0.1.1",
      "resolved": "https://registry.npmjs.org/assign-symbols/-/assign-symbols-0.1.1.tgz",
      "integrity": "sha512-gwzH8QS/GV4pQsf6XOrlpBC6aDE8uJeZvymbEJ0W9TuDYqYOZc4RodvKDH98HCc+KFPYil1kD2XT0X0JWeOzQg==",
      "engines": {
        "node": ">=0.10.0"
      }
    },
    "node_modules/author-regex": {
      "version": "1.0.0",
      "resolved": "https://registry.npmjs.org/author-regex/-/author-regex-1.0.0.tgz",
      "integrity": "sha512-KbWgR8wOYRAPekEmMXrYYdc7BRyhn2Ftk7KWfMUnQ43hFdojWEFRxhhRUm3/OFEdPa1r0KAvTTg9YQK57xTe0g==",
      "engines": {
        "node": ">=0.8"
      }
    },
    "node_modules/collection-visit": {
      "version": "0.2.3",
      "resolved": "https://registry.npmjs.org/collection-visit/-/collection-visit-0.2.3.tgz",
      "integrity": "sha512-V88PJOCqJfsZS45YBELDgmhQkECokQAAr9XR4hT6eFkFsAPsCsk3EoDHSuBPYzygjquGM/0KF4vdwTiQO6lbdw==",
      "dependencies": {
        "lazy-cache": "^2.0.1",
        "map-visit": "^0.1.5",
        "object-visit": "^0.3.4"
      },
      "engines": {
        "node": ">=0.10.0"
      }
    },
    "node_modules/copyright-regex": {
      "version": "1.1.6",
      "resolved": "https://registry.npmjs.org/copyright-regex/-/copyright-regex-1.1.6.tgz",
      "integrity": "sha512-gbf9KLJrQtSQpPvE4aZCxan/4t6825Bx8LYuWiFJFDtfeoFxEOFiCxPuZTczugziEQvS76ql4q5SrsD8msdHEg==",
      "engines": {
        "node": ">=0.10.0"
      }
    },
    "node_modules/engine": {
      "version": "0.1.12",
      "resolved": "https://registry.npmjs.org/engine/-/engine-0.1.12.tgz",
      "integrity": "sha512-1+oxmZV5nKFhoR3QkwIbyHKSVbMuNgU8+oxcx4Af1kpxuSjDD0nL3pKKJtY1mGjAPqSAwNeDEHzD94NR5LP5rg==",
      "dependencies": {
        "assign-deep": "^0.4.3",
        "collection-visit": "^0.2.0",
        "get-value": "^1.2.1",
        "kind-of": "^2.0.1",
        "lazy-cache": "^0.2.3",
        "object.omit": "^2.0.0",
        "set-value": "^0.2.0"
      },
      "engines": {
        "node": ">=0.10.0"
      }
    },
    "node_modules/engine/node_modules/lazy-cache": {
      "version": "0.2.7",
      "resolved": "https://registry.npmjs.org/lazy-cache/-/lazy-cache-0.2.7.tgz",
      "integrity": "sha512-gkX52wvU/R8DVMMt78ATVPFMJqfW8FPz1GZ1sVHBVQHmu/WvhIWE4cE1GBzhJNFicDeYhnwp6Rl35BcAIM3YOQ==",
      "engines": {
        "node": ">=0.10.0"
      }
    },
    "node_modules/expand-tilde": {
      "version": "1.2.2",
      "resolved": "https://registry.npmjs.org/expand-tilde/-/expand-tilde-1.2.2.tgz",
      "integrity": "sha512-rtmc+cjLZqnu9dSYosX9EWmSJhTwpACgJQTfj4hgg2JjOD/6SIQalZrt4a3aQeh++oNxkazcaxrhPUj6+g5G/Q==",
      "dependencies": {
        "os-homedir": "^1.0.1"
      },
      "engines": {
        "node": ">=0.10.0"
      }
    },
    "node_modules/find-file-up": {
      "version": "0.1.3",
      "resolved": "https://registry.npmjs.org/find-file-up/-/find-file-up-0.1.3.tgz",
      "integrity": "sha512-mBxmNbVyjg1LQIIpgO8hN+ybWBgDQK8qjht+EbrTCGmmPV/sc7RF1i9stPTD6bpvXZywBdrwRYxhSdJv867L6A==",
      "dependencies": {
        "fs-exists-sync": "^0.1.0",
        "resolve-dir": "^0.1.0"
      },
      "engines": {
        "node": ">=0.10.0"
      }
    },
    "node_modules/find-pkg": {
      "version": "0.1.2",
      "resolved": "https://registry.npmjs.org/find-pkg/-/find-pkg-0.1.2.tgz",
      "integrity": "sha512-0rnQWcFwZr7eO0513HahrWafsc3CTFioEB7DRiEYCUM/70QXSY8f3mCST17HXLcPvEhzH/Ty/Bxd72ZZsr/yvw==",
      "dependencies": {
        "find-file-up": "^0.1.2"
      },
      "engines": {
        "node": ">=0.10.0"
      }
    },
    "node_modules/for-in": {
      "version": "1.0.2",
      "resolved": "https://registry.npmjs.org/for-in/-/for-in-1.0.2.tgz",
      "integrity": "sha512-7EwmXrOjyL+ChxMhmG5lnW9MPt1aIeZEwKhQzoBUdTV0N3zuwWDZYVJatDvZ2OyzPUvdIAZDsCetk3coyMfcnQ==",
      "engines": {
        "node": ">=0.10.0"
      }
    },
    "node_modules/for-own": {
      "version": "0.1.5",
      "resolved": "https://registry.npmjs.org/for-own/-/for-own-0.1.5.tgz",
      "integrity": "sha512-SKmowqGTJoPzLO1T0BBJpkfp3EMacCMOuH40hOUbrbzElVktk4DioXVM99QkLCyKoiuOmyjgcWMpVz2xjE7LZw==",
      "dependencies": {
        "for-in": "^1.0.1"
      },
      "engines": {
        "node": ">=0.10.0"
      }
    },
    "node_modules/fs-exists-sync": {
      "version": "0.1.0",
      "resolved": "https://registry.npmjs.org/fs-exists-sync/-/fs-exists-sync-0.1.0.tgz",
      "integrity": "sha512-cR/vflFyPZtrN6b38ZyWxpWdhlXrzZEBawlpBQMq7033xVY7/kg0GDMBK5jg8lDYQckdJ5x/YC88lM3C7VMsLg==",
      "engines": {
        "node": ">=0.10.0"
      }
    },
    "node_modules/get-value": {
      "version": "1.3.1",
      "resolved": "https://registry.npmjs.org/get-value/-/get-value-1.3.1.tgz",
      "integrity": "sha512-TrDxHI5wqgpM5Guhoz7xmblwy7kzhDauSs4df3NP907yFmLtCkOau8YtGo087jZXKDwP22NG6fCo0UA4EFLjOw==",
      "dependencies": {
        "arr-flatten": "^1.0.1",
        "is-extendable": "^0.1.1",
        "lazy-cache": "^0.2.4",
        "noncharacters": "^1.1.0"
      },
      "engines": {
        "node": ">=0.10.0"
      }
    },
    "node_modules/get-value/node_modules/lazy-cache": {
      "version": "0.2.7",
      "resolved": "https://registry.npmjs.org/lazy-cache/-/lazy-cache-0.2.7.tgz",
      "integrity": "sha512-gkX52wvU/R8DVMMt78ATVPFMJqfW8FPz1GZ1sVHBVQHmu/WvhIWE4cE1GBzhJNFicDeYhnwp6Rl35BcAIM3YOQ==",
      "engines": {
        "node": ">=0.10.0"
      }
    },
    "node_modules/global-modules": {
      "version": "0.2.3",
      "resolved": "https://registry.npmjs.org/global-modules/-/global-modules-0.2.3.tgz",
      "integrity": "sha512-JeXuCbvYzYXcwE6acL9V2bAOeSIGl4dD+iwLY9iUx2VBJJ80R18HCn+JCwHM9Oegdfya3lEkGCdaRkSyc10hDA==",
      "dependencies": {
        "global-prefix": "^0.1.4",
        "is-windows": "^0.2.0"
      },
      "engines": {
        "node": ">=0.10.0"
      }
    },
    "node_modules/global-prefix": {
      "version": "0.1.5",
      "resolved": "https://registry.npmjs.org/global-prefix/-/global-prefix-0.1.5.tgz",
      "integrity": "sha512-gOPiyxcD9dJGCEArAhF4Hd0BAqvAe/JzERP7tYumE4yIkmIedPUVXcJFWbV3/p/ovIIvKjkrTk+f1UVkq7vvbw==",
      "dependencies": {
        "homedir-polyfill": "^1.0.0",
        "ini": "^1.3.4",
        "is-windows": "^0.2.0",
        "which": "^1.2.12"
      },
      "engines": {
        "node": ">=0.10.0"
      }
    },
    "node_modules/has-values": {
      "version": "0.1.4",
      "resolved": "https://registry.npmjs.org/has-values/-/has-values-0.1.4.tgz",
      "integrity": "sha512-J8S0cEdWuQbqD9//tlZxiMuMNmxB8PlEwvYwuxsTmR1G5RXUePEX/SJn7aD0GMLieuZYSwNH0cQuJGwnYunXRQ==",
      "engines": {
        "node": ">=0.10.0"
      }
    },
    "node_modules/homedir-polyfill": {
      "version": "1.0.3",
      "resolved": "https://registry.npmjs.org/homedir-polyfill/-/homedir-polyfill-1.0.3.tgz",
      "integrity": "sha512-eSmmWE5bZTK2Nou4g0AI3zZ9rswp7GRKoKXS1BLUkvPviOqs4YTN1djQIqrXy9k5gEtdLPy86JjRwsNM9tnDcA==",
      "dependencies": {
        "parse-passwd": "^1.0.0"
      },
      "engines": {
        "node": ">=0.10.0"
      }
    },
    "node_modules/ini": {
      "version": "1.3.8",
      "resolved": "https://registry.npmjs.org/ini/-/ini-1.3.8.tgz",
      "integrity": "sha512-JV/yugV2uzW5iMRSiZAyDtQd+nxtUnjeLt0acNdw98kKLrvuRVyB80tsREOE7yvGVgalhZ6RNXCmEHkUKBKxew=="
    },
    "node_modules/is-buffer": {
      "version": "1.1.6",
      "resolved": "https://registry.npmjs.org/is-buffer/-/is-buffer-1.1.6.tgz",
      "integrity": "sha512-NcdALwpXkTm5Zvvbk7owOUSvVvBKDgKP5/ewfXEznmQFfs4ZRmanOeKBTjRVjka3QFoN6XJ+9F3USqfHqTaU5w=="
    },
    "node_modules/is-extendable": {
      "version": "0.1.1",
      "resolved": "https://registry.npmjs.org/is-extendable/-/is-extendable-0.1.1.tgz",
      "integrity": "sha512-5BMULNob1vgFX6EjQw5izWDxrecWK9AM72rugNr0TFldMOi0fj6Jk+zeKIt0xGj4cEfQIJth4w3OKWOJ4f+AFw==",
      "engines": {
        "node": ">=0.10.0"
      }
    },
    "node_modules/is-plain-object": {
      "version": "2.0.4",
      "resolved": "https://registry.npmjs.org/is-plain-object/-/is-plain-object-2.0.4.tgz",
      "integrity": "sha512-h5PpgXkWitc38BBMYawTYMWJHFZJVnBquFE57xFpjB8pJFiF6gZ+bU+WyI/yqXiFR5mdLsgYNaPe8uao6Uv9Og==",
      "dependencies": {
        "isobject": "^3.0.1"
      },
      "engines": {
        "node": ">=0.10.0"
      }
    },
    "node_modules/is-primitive": {
      "version": "2.0.0",
      "resolved": "https://registry.npmjs.org/is-primitive/-/is-primitive-2.0.0.tgz",
      "integrity": "sha512-N3w1tFaRfk3UrPfqeRyD+GYDASU3W5VinKhlORy8EWVf/sIdDL9GAcew85XmktCfH+ngG7SRXEVDoO18WMdB/Q==",
      "engines": {
        "node": ">=0.10.0"
      }
    },
    "node_modules/is-windows": {
      "version": "0.2.0",
      "resolved": "https://registry.npmjs.org/is-windows/-/is-windows-0.2.0.tgz",
      "integrity": "sha512-n67eJYmXbniZB7RF4I/FTjK1s6RPOCTxhYrVYLRaCt3lF0mpWZPKr3T2LSZAqyjQsxR2qMmGYXXzK0YWwcPM1Q==",
      "engines": {
        "node": ">=0.10.0"
      }
    },
    "node_modules/isarray": {
      "version": "1.0.0",
      "resolved": "https://registry.npmjs.org/isarray/-/isarray-1.0.0.tgz",
      "integrity": "sha512-VLghIWNM6ELQzo7zwmcg0NmTVyWKYjvIeM83yjp0wRDTmUnrM678fQbcKBo6n2CJEF0szoG//ytg+TKla89ALQ=="
    },
    "node_modules/isexe": {
      "version": "2.0.0",
      "resolved": "https://registry.npmjs.org/isexe/-/isexe-2.0.0.tgz",
      "integrity": "sha512-RHxMLp9lnKHGHRng9QFhRCMbYAcVpn69smSGcq3f36xjgVVWThj4qqLbTLlq7Ssj8B+fIQ1EuCEGI2lKsyQeIw=="
    },
    "node_modules/isobject": {
      "version": "3.0.1",
      "resolved": "https://registry.npmjs.org/isobject/-/isobject-3.0.1.tgz",
      "integrity": "sha512-WhB9zCku7EGTj/HQQRz5aUQEUeoQZH2bWcltRErOpymJ4boYE6wL9Tbr23krRPSZ+C5zqNSrSw+Cc7sZZ4b7vg==",
      "engines": {
        "node": ">=0.10.0"
      }
    },
    "node_modules/kind-of": {
      "version": "2.0.1",
      "resolved": "https://registry.npmjs.org/kind-of/-/kind-of-2.0.1.tgz",
      "integrity": "sha512-0u8i1NZ/mg0b+W3MGGw5I7+6Eib2nx72S/QvXa0hYjEkjTknYmEYQJwGu3mLC0BrhtJjtQafTkyRUQ75Kx0LVg==",
      "dependencies": {
        "is-buffer": "^1.0.2"
      },
      "engines": {
        "node": ">=0.10.0"
      }
    },
    "node_modules/lazy-cache": {
      "version": "2.0.2",
      "resolved": "https://registry.npmjs.org/lazy-cache/-/lazy-cache-2.0.2.tgz",
      "integrity": "sha512-7vp2Acd2+Kz4XkzxGxaB1FWOi8KjWIWsgdfD5MCb86DWvlLqhRPM+d6Pro3iNEL5VT9mstz5hKAlcd+QR6H3aA==",
      "dependencies": {
        "set-getter": "^0.1.0"
      },
      "engines": {
        "node": ">=0.10.0"
      }
    },
    "node_modules/leven": {
      "version": "2.1.0",
      "resolved": "https://registry.npmjs.org/leven/-/leven-2.1.0.tgz",
      "integrity": "sha512-nvVPLpIHUxCUoRLrFqTgSxXJ614d8AgQoWl7zPe/2VadE8+1dpU3LBhowRuBAcuwruWtOdD8oYC9jDNJjXDPyA==",
      "engines": {
        "node": ">=0.10.0"
      }
    },
    "node_modules/load-pkg": {
      "version": "3.0.1",
      "resolved": "https://registry.npmjs.org/load-pkg/-/load-pkg-3.0.1.tgz",
      "integrity": "sha512-wW6PBOWKbPceeIamjHjoacmI0F7Q+JdHoYl1nYE3lGOQCmq+xAnfIp24dqhUSfsO6Y7YSlrmyi3JxvSiRnoivg==",
      "dependencies": {
        "find-pkg": "^0.1.0"
      },
      "engines": {
        "node": ">=0.10.0"
      }
    },
    "node_modules/map-visit": {
      "version": "0.1.5",
      "resolved": "https://registry.npmjs.org/map-visit/-/map-visit-0.1.5.tgz",
      "integrity": "sha512-zdmJBFvvVR/H5wCfsCP7XxSLp+346yAZ30Wy2OsQLcH19OVGMWa3Ms9quO00lj9ybsySu3gKOINNgICb4Zqauw==",
      "dependencies": {
        "lazy-cache": "^2.0.1",
        "object-visit": "^0.3.4"
      },
      "engines": {
        "node": ">=0.10.0"
      }
    },
    "node_modules/mixin-deep": {
      "version": "1.3.2",
      "resolved": "https://registry.npmjs.org/mixin-deep/-/mixin-deep-1.3.2.tgz",
      "integrity": "sha512-WRoDn//mXBiJ1H40rqa3vH0toePwSsGb45iInWlTySa+Uu4k3tYUSxa2v1KqAiLtvlrSzaExqS1gtk96A9zvEA==",
      "dependencies": {
        "for-in": "^1.0.2",
        "is-extendable": "^1.0.1"
      },
      "engines": {
        "node": ">=0.10.0"
      }
    },
    "node_modules/mixin-deep/node_modules/is-extendable": {
      "version": "1.0.1",
      "resolved": "https://registry.npmjs.org/is-extendable/-/is-extendable-1.0.1.tgz",
      "integrity": "sha512-arnXMxT1hhoKo9k1LZdmlNyJdDDfy2v0fXjFlmok4+i8ul/6WlbVge9bhM74OpNPQPMGUToDtz+KXa1PneJxOA==",
      "dependencies": {
        "is-plain-object": "^2.0.4"
      },
      "engines": {
        "node": ">=0.10.0"
      }
    },
    "node_modules/noncharacters": {
      "version": "1.1.0",
      "resolved": "https://registry.npmjs.org/noncharacters/-/noncharacters-1.1.0.tgz",
      "integrity": "sha512-U69XzMNq7UQXR27xT17tkQsHPsLc+5W9yfXvYzVCwFxghVf+7VttxFnCKFMxM/cHD+/QIyU009263hxIIurj4g==",
      "engines": {
        "node": ">=0.10.0"
      }
    },
    "node_modules/object-visit": {
      "version": "0.3.4",
      "resolved": "https://registry.npmjs.org/object-visit/-/object-visit-0.3.4.tgz",
      "integrity": "sha512-6QNyX7uTuwqxP7pmDBqgBDKdmZws1rXriUyXM5KG6+7J0aYRuuAGoc636IGdLzgOL77WUwL+EpoTJrEHwWsyOA==",
      "dependencies": {
        "isobject": "^2.0.0"
      },
      "engines": {
        "node": ">=0.10.0"
      }
    },
    "node_modules/object-visit/node_modules/isobject": {
      "version": "2.1.0",
      "resolved": "https://registry.npmjs.org/isobject/-/isobject-2.1.0.tgz",
      "integrity": "sha512-+OUdGJlgjOBZDfxnDjYYG6zp487z0JGNQq3cYQYg5f5hKR+syHMsaztzGeml/4kGG55CSpKSpWTY+jYGgsHLgA==",
      "dependencies": {
        "isarray": "1.0.0"
      },
      "engines": {
        "node": ">=0.10.0"
      }
    },
    "node_modules/object.omit": {
      "version": "2.0.1",
      "resolved": "https://registry.npmjs.org/object.omit/-/object.omit-2.0.1.tgz",
      "integrity": "sha512-UiAM5mhmIuKLsOvrL+B0U2d1hXHF3bFYWIuH1LMpuV2EJEHG1Ntz06PgLEHjm6VFd87NpH8rastvPoyv6UW2fA==",
      "dependencies": {
        "for-own": "^0.1.4",
        "is-extendable": "^0.1.1"
      },
      "engines": {
        "node": ">=0.10.0"
      }
    },
    "node_modules/omit-empty": {
      "version": "0.4.1",
      "resolved": "https://registry.npmjs.org/omit-empty/-/omit-empty-0.4.1.tgz",
      "integrity": "sha512-NwnVOAaLwUEYmvvwLKKqvG6BkSG0pu0yKhKc6uYbWerkIXe6Wi2HQ1qoL+Wksj3DCauRuNKIjZUsLyjLj1/lrw==",
      "dependencies": {
        "has-values": "^0.1.4",
        "kind-of": "^3.0.3",
        "reduce-object": "^0.1.3"
      },
      "engines": {
        "node": ">=0.10.0"
      }
    },
    "node_modules/omit-empty/node_modules/kind-of": {
      "version": "3.2.2",
      "resolved": "https://registry.npmjs.org/kind-of/-/kind-of-3.2.2.tgz",
      "integrity": "sha512-NOW9QQXMoZGg/oqnVNoNTTIFEIid1627WCffUBJEdMxYApq7mNE7CpzucIPc+ZQg25Phej7IJSmX3hO+oblOtQ==",
      "dependencies": {
        "is-buffer": "^1.1.5"
      },
      "engines": {
        "node": ">=0.10.0"
      }
    },
    "node_modules/os-homedir": {
      "version": "1.0.2",
      "resolved": "https://registry.npmjs.org/os-homedir/-/os-homedir-1.0.2.tgz",
      "integrity": "sha512-B5JU3cabzk8c67mRRd3ECmROafjYMXbuzlwtqdM8IbS8ktlTix8aFGb2bAGKrSRIlnfKwovGUUr72JUPyOb6kQ==",
      "engines": {
        "node": ">=0.10.0"
      }
    },
    "node_modules/parse-author": {
      "version": "2.0.0",
      "resolved": "https://registry.npmjs.org/parse-author/-/parse-author-2.0.0.tgz",
      "integrity": "sha512-yx5DfvkN8JsHL2xk2Os9oTia467qnvRgey4ahSm2X8epehBLx/gWLcy5KI+Y36ful5DzGbCS6RazqZGgy1gHNw==",
      "dependencies": {
        "author-regex": "^1.0.0"
      },
      "engines": {
        "node": ">=0.10.0"
      }
    },
    "node_modules/parse-copyright": {
      "version": "0.4.0",
      "resolved": "https://registry.npmjs.org/parse-copyright/-/parse-copyright-0.4.0.tgz",
      "integrity": "sha512-+laAGFuT0eGgzwB6mDjyF9NIRSAMdZoS+uoNMJezK494l4YvWxqKSiUz2tcoEAnMIzDYHswj/WTQKUhB4rcy3w==",
      "dependencies": {
        "copyright-regex": "^1.1.4"
      },
      "engines": {
        "node": ">=0.10.0"
      }
    },
    "node_modules/parse-passwd": {
      "version": "1.0.0",
      "resolved": "https://registry.npmjs.org/parse-passwd/-/parse-passwd-1.0.0.tgz",
      "integrity": "sha512-1Y1A//QUXEZK7YKz+rD9WydcE1+EuPr6ZBgKecAB8tmoW6UFv0NREVJe1p+jRxtThkcbbKkfwIbWJe/IeE6m2Q==",
      "engines": {
        "node": ">=0.10.0"
      }
    },
    "node_modules/reduce-object": {
      "version": "0.1.3",
      "resolved": "https://registry.npmjs.org/reduce-object/-/reduce-object-0.1.3.tgz",
      "integrity": "sha512-7js/WmWoI5NRe/mfxUimt0rmj04lfhJIa8SDyt+OKasagu+KjffnVxElTKuZs1fRjytlN46BrDoVK+IsBVovtw==",
      "dependencies": {
        "for-own": "^0.1.1"
      },
      "engines": {
        "node": ">=0.10.0"
      }
    },
    "node_modules/resolve-dir": {
      "version": "0.1.1",
      "resolved": "https://registry.npmjs.org/resolve-dir/-/resolve-dir-0.1.1.tgz",
      "integrity": "sha512-QxMPqI6le2u0dCLyiGzgy92kjkkL6zO0XyvHzjdTNH3zM6e5Hz3BwG6+aEyNgiQ5Xz6PwTwgQEj3U50dByPKIA==",
      "dependencies": {
        "expand-tilde": "^1.2.2",
        "global-modules": "^0.2.3"
      },
      "engines": {
        "node": ">=0.10.0"
      }
    },
    "node_modules/set-getter": {
      "version": "0.1.1",
      "resolved": "https://registry.npmjs.org/set-getter/-/set-getter-0.1.1.tgz",
      "integrity": "sha512-9sVWOy+gthr+0G9DzqqLaYNA7+5OKkSmcqjL9cBpDEaZrr3ShQlyX2cZ/O/ozE41oxn/Tt0LGEM/w4Rub3A3gw==",
      "dependencies": {
        "to-object-path": "^0.3.0"
      },
      "engines": {
        "node": ">=0.10.0"
      }
    },
    "node_modules/set-value": {
      "version": "0.2.0",
      "resolved": "https://registry.npmjs.org/set-value/-/set-value-0.2.0.tgz",
      "integrity": "sha512-dJaeu7V8d1KwjePimg1oOpGp31cEw/uRcZlfL7wwemkr+A00ev/ZhikvSMiQ4hkf83d8JdY2AFoFmXsKzmHMSw==",
      "deprecated": "Critical bug fixed in v3.0.1, please upgrade to the latest version.",
      "dependencies": {
        "isobject": "^1.0.0",
        "noncharacters": "^1.1.0"
      },
      "engines": {
        "node": ">=0.10.0"
      }
    },
    "node_modules/set-value/node_modules/isobject": {
      "version": "1.0.2",
      "resolved": "https://registry.npmjs.org/isobject/-/isobject-1.0.2.tgz",
      "integrity": "sha512-WQQgFoML/sLgmhu9zTekYHZUJaPoa/fpVMQ8oxIuOvppzs70DxxyHZdAIjwcuuNDOVtNYsahhqtBbUvKwhRcGw==",
      "engines": {
        "node": ">=0.10.0"
      }
    },
    "node_modules/to-object-path": {
      "version": "0.3.0",
      "resolved": "https://registry.npmjs.org/to-object-path/-/to-object-path-0.3.0.tgz",
      "integrity": "sha512-9mWHdnGRuh3onocaHzukyvCZhzvr6tiflAy/JRFXcJX0TjgfWA9pk9t8CMbzmBE4Jfw58pXbkngtBtqYxzNEyg==",
      "dependencies": {
        "kind-of": "^3.0.2"
      },
      "engines": {
        "node": ">=0.10.0"
      }
    },
    "node_modules/to-object-path/node_modules/kind-of": {
      "version": "3.2.2",
      "resolved": "https://registry.npmjs.org/kind-of/-/kind-of-3.2.2.tgz",
      "integrity": "sha512-NOW9QQXMoZGg/oqnVNoNTTIFEIid1627WCffUBJEdMxYApq7mNE7CpzucIPc+ZQg25Phej7IJSmX3hO+oblOtQ==",
      "dependencies": {
        "is-buffer": "^1.1.5"
      },
      "engines": {
        "node": ">=0.10.0"
      }
    },
    "node_modules/update-copyright": {
      "version": "1.0.0",
      "resolved": "https://registry.npmjs.org/update-copyright/-/update-copyright-1.0.0.tgz",
      "integrity": "sha512-SzvJi0kl+CtcvY9XeESpAKbvwqcJXjW6kX1zjyQeAdng0yPyjZsU4JW+7le5mTQ7Orl/c5ANAVFFqael9abamQ==",
      "dependencies": {
        "engine": "^0.1.12",
        "isobject": "^3.0.0",
        "lazy-cache": "^2.0.2",
        "leven": "^2.1.0",
        "load-pkg": "^3.0.1",
        "mixin-deep": "^1.2.0",
        "omit-empty": "^0.4.1",
        "parse-author": "^2.0.0",
        "parse-copyright": "^0.4.0",
        "update-year": "^0.5.2",
        "year": "^0.2.1"
      },
      "engines": {
        "node": ">=0.10.0"
      }
    },
    "node_modules/update-year": {
      "version": "0.5.2",
      "resolved": "https://registry.npmjs.org/update-year/-/update-year-0.5.2.tgz",
      "integrity": "sha512-1DTos/GWnIzZAweI25viTI2q9TCCnRstyyFW3oCwCqoz4Ya5exTPbt8gUS2V9c0pcfLgruemAQAxJ6uF1e/YlA==",
      "dependencies": {
        "array-unique": "^0.2.1",
        "year": "^0.2.1"
      },
      "engines": {
        "node": ">=0.10.0"
      }
    },
    "node_modules/which": {
      "version": "1.3.1",
      "resolved": "https://registry.npmjs.org/which/-/which-1.3.1.tgz",
      "integrity": "sha512-HxJdYWq1MTIQbJ3nw0cqssHoTNU267KlrDuGZ1WYlxDStUtKUhOaJmh112/TZmHxxUfuJqPXSOm7tDyas0OSIQ==",
      "dependencies": {
        "isexe": "^2.0.0"
      },
      "bin": {
        "which": "bin/which"
      }
    },
    "node_modules/year": {
      "version": "0.2.1",
      "resolved": "https://registry.npmjs.org/year/-/year-0.2.1.tgz",
      "integrity": "sha512-9GnJUZ0QM4OgXuOzsKNzTJ5EOkums1Xc+3YQXp+Q+UxFjf7zLucp9dQ8QMIft0Szs1E1hUiXFim1OYfEKFq97w==",
      "engines": {
        "node": ">=0.8"
      }
    }
  },
  "dependencies": {
    "arr-flatten": {
      "version": "1.1.0",
      "resolved": "https://registry.npmjs.org/arr-flatten/-/arr-flatten-1.1.0.tgz",
      "integrity": "sha512-L3hKV5R/p5o81R7O02IGnwpDmkp6E982XhtbuwSe3O4qOtMMMtodicASA1Cny2U+aCXcNpml+m4dPsvsJ3jatg=="
    },
    "array-unique": {
      "version": "0.2.1",
      "resolved": "https://registry.npmjs.org/array-unique/-/array-unique-0.2.1.tgz",
      "integrity": "sha512-G2n5bG5fSUCpnsXz4+8FUkYsGPkNfLn9YvS66U5qbTIXI2Ynnlo4Bi42bWv+omKUCqz+ejzfClwne0alJWJPhg=="
    },
    "assign-deep": {
      "version": "0.4.8",
      "resolved": "https://registry.npmjs.org/assign-deep/-/assign-deep-0.4.8.tgz",
      "integrity": "sha512-uxqXJCnNZDEjPnsaLKVzmh/ST5+Pqoz0wi06HDfHKx1ASNpSbbvz2qW2Gl8ZyHwr5jnm11X2S5eMQaP1lMZmCg==",
      "requires": {
        "assign-symbols": "^0.1.1",
        "is-primitive": "^2.0.0",
        "kind-of": "^5.0.2"
      },
      "dependencies": {
        "kind-of": {
          "version": "5.1.0",
          "resolved": "https://registry.npmjs.org/kind-of/-/kind-of-5.1.0.tgz",
          "integrity": "sha512-NGEErnH6F2vUuXDh+OlbcKW7/wOcfdRHaZ7VWtqCztfHri/++YKmP51OdWeGPuqCOba6kk2OTe5d02VmTB80Pw=="
        }
      }
    },
    "assign-symbols": {
      "version": "0.1.1",
      "resolved": "https://registry.npmjs.org/assign-symbols/-/assign-symbols-0.1.1.tgz",
      "integrity": "sha512-gwzH8QS/GV4pQsf6XOrlpBC6aDE8uJeZvymbEJ0W9TuDYqYOZc4RodvKDH98HCc+KFPYil1kD2XT0X0JWeOzQg=="
    },
    "author-regex": {
      "version": "1.0.0",
      "resolved": "https://registry.npmjs.org/author-regex/-/author-regex-1.0.0.tgz",
      "integrity": "sha512-KbWgR8wOYRAPekEmMXrYYdc7BRyhn2Ftk7KWfMUnQ43hFdojWEFRxhhRUm3/OFEdPa1r0KAvTTg9YQK57xTe0g=="
    },
    "collection-visit": {
      "version": "0.2.3",
      "resolved": "https://registry.npmjs.org/collection-visit/-/collection-visit-0.2.3.tgz",
      "integrity": "sha512-V88PJOCqJfsZS45YBELDgmhQkECokQAAr9XR4hT6eFkFsAPsCsk3EoDHSuBPYzygjquGM/0KF4vdwTiQO6lbdw==",
      "requires": {
        "lazy-cache": "^2.0.1",
        "map-visit": "^0.1.5",
        "object-visit": "^0.3.4"
      }
    },
    "copyright-regex": {
      "version": "1.1.6",
      "resolved": "https://registry.npmjs.org/copyright-regex/-/copyright-regex-1.1.6.tgz",
      "integrity": "sha512-gbf9KLJrQtSQpPvE4aZCxan/4t6825Bx8LYuWiFJFDtfeoFxEOFiCxPuZTczugziEQvS76ql4q5SrsD8msdHEg=="
    },
    "engine": {
      "version": "0.1.12",
      "resolved": "https://registry.npmjs.org/engine/-/engine-0.1.12.tgz",
      "integrity": "sha512-1+oxmZV5nKFhoR3QkwIbyHKSVbMuNgU8+oxcx4Af1kpxuSjDD0nL3pKKJtY1mGjAPqSAwNeDEHzD94NR5LP5rg==",
      "requires": {
        "assign-deep": "^0.4.3",
        "collection-visit": "^0.2.0",
        "get-value": "^1.2.1",
        "kind-of": "^2.0.1",
        "lazy-cache": "^0.2.3",
        "object.omit": "^2.0.0",
        "set-value": "^0.2.0"
      },
      "dependencies": {
        "lazy-cache": {
          "version": "0.2.7",
          "resolved": "https://registry.npmjs.org/lazy-cache/-/lazy-cache-0.2.7.tgz",
          "integrity": "sha512-gkX52wvU/R8DVMMt78ATVPFMJqfW8FPz1GZ1sVHBVQHmu/WvhIWE4cE1GBzhJNFicDeYhnwp6Rl35BcAIM3YOQ=="
        }
      }
    },
    "expand-tilde": {
      "version": "1.2.2",
      "resolved": "https://registry.npmjs.org/expand-tilde/-/expand-tilde-1.2.2.tgz",
      "integrity": "sha512-rtmc+cjLZqnu9dSYosX9EWmSJhTwpACgJQTfj4hgg2JjOD/6SIQalZrt4a3aQeh++oNxkazcaxrhPUj6+g5G/Q==",
      "requires": {
        "os-homedir": "^1.0.1"
      }
    },
    "find-file-up": {
      "version": "0.1.3",
      "resolved": "https://registry.npmjs.org/find-file-up/-/find-file-up-0.1.3.tgz",
      "integrity": "sha512-mBxmNbVyjg1LQIIpgO8hN+ybWBgDQK8qjht+EbrTCGmmPV/sc7RF1i9stPTD6bpvXZywBdrwRYxhSdJv867L6A==",
      "requires": {
        "fs-exists-sync": "^0.1.0",
        "resolve-dir": "^0.1.0"
      }
    },
    "find-pkg": {
      "version": "0.1.2",
      "resolved": "https://registry.npmjs.org/find-pkg/-/find-pkg-0.1.2.tgz",
      "integrity": "sha512-0rnQWcFwZr7eO0513HahrWafsc3CTFioEB7DRiEYCUM/70QXSY8f3mCST17HXLcPvEhzH/Ty/Bxd72ZZsr/yvw==",
      "requires": {
        "find-file-up": "^0.1.2"
      }
    },
    "for-in": {
      "version": "1.0.2",
      "resolved": "https://registry.npmjs.org/for-in/-/for-in-1.0.2.tgz",
      "integrity": "sha512-7EwmXrOjyL+ChxMhmG5lnW9MPt1aIeZEwKhQzoBUdTV0N3zuwWDZYVJatDvZ2OyzPUvdIAZDsCetk3coyMfcnQ=="
    },
    "for-own": {
      "version": "0.1.5",
      "resolved": "https://registry.npmjs.org/for-own/-/for-own-0.1.5.tgz",
      "integrity": "sha512-SKmowqGTJoPzLO1T0BBJpkfp3EMacCMOuH40hOUbrbzElVktk4DioXVM99QkLCyKoiuOmyjgcWMpVz2xjE7LZw==",
      "requires": {
        "for-in": "^1.0.1"
      }
    },
    "fs-exists-sync": {
      "version": "0.1.0",
      "resolved": "https://registry.npmjs.org/fs-exists-sync/-/fs-exists-sync-0.1.0.tgz",
      "integrity": "sha512-cR/vflFyPZtrN6b38ZyWxpWdhlXrzZEBawlpBQMq7033xVY7/kg0GDMBK5jg8lDYQckdJ5x/YC88lM3C7VMsLg=="
    },
    "get-value": {
      "version": "1.3.1",
      "resolved": "https://registry.npmjs.org/get-value/-/get-value-1.3.1.tgz",
      "integrity": "sha512-TrDxHI5wqgpM5Guhoz7xmblwy7kzhDauSs4df3NP907yFmLtCkOau8YtGo087jZXKDwP22NG6fCo0UA4EFLjOw==",
      "requires": {
        "arr-flatten": "^1.0.1",
        "is-extendable": "^0.1.1",
        "lazy-cache": "^0.2.4",
        "noncharacters": "^1.1.0"
      },
      "dependencies": {
        "lazy-cache": {
          "version": "0.2.7",
          "resolved": "https://registry.npmjs.org/lazy-cache/-/lazy-cache-0.2.7.tgz",
          "integrity": "sha512-gkX52wvU/R8DVMMt78ATVPFMJqfW8FPz1GZ1sVHBVQHmu/WvhIWE4cE1GBzhJNFicDeYhnwp6Rl35BcAIM3YOQ=="
        }
      }
    },
    "global-modules": {
      "version": "0.2.3",
      "resolved": "https://registry.npmjs.org/global-modules/-/global-modules-0.2.3.tgz",
      "integrity": "sha512-JeXuCbvYzYXcwE6acL9V2bAOeSIGl4dD+iwLY9iUx2VBJJ80R18HCn+JCwHM9Oegdfya3lEkGCdaRkSyc10hDA==",
      "requires": {
        "global-prefix": "^0.1.4",
        "is-windows": "^0.2.0"
      }
    },
    "global-prefix": {
      "version": "0.1.5",
      "resolved": "https://registry.npmjs.org/global-prefix/-/global-prefix-0.1.5.tgz",
      "integrity": "sha512-gOPiyxcD9dJGCEArAhF4Hd0BAqvAe/JzERP7tYumE4yIkmIedPUVXcJFWbV3/p/ovIIvKjkrTk+f1UVkq7vvbw==",
      "requires": {
        "homedir-polyfill": "^1.0.0",
        "ini": "^1.3.4",
        "is-windows": "^0.2.0",
        "which": "^1.2.12"
      }
    },
    "has-values": {
      "version": "0.1.4",
      "resolved": "https://registry.npmjs.org/has-values/-/has-values-0.1.4.tgz",
      "integrity": "sha512-J8S0cEdWuQbqD9//tlZxiMuMNmxB8PlEwvYwuxsTmR1G5RXUePEX/SJn7aD0GMLieuZYSwNH0cQuJGwnYunXRQ=="
    },
    "homedir-polyfill": {
      "version": "1.0.3",
      "resolved": "https://registry.npmjs.org/homedir-polyfill/-/homedir-polyfill-1.0.3.tgz",
      "integrity": "sha512-eSmmWE5bZTK2Nou4g0AI3zZ9rswp7GRKoKXS1BLUkvPviOqs4YTN1djQIqrXy9k5gEtdLPy86JjRwsNM9tnDcA==",
      "requires": {
        "parse-passwd": "^1.0.0"
      }
    },
    "ini": {
      "version": "1.3.8",
      "resolved": "https://registry.npmjs.org/ini/-/ini-1.3.8.tgz",
      "integrity": "sha512-JV/yugV2uzW5iMRSiZAyDtQd+nxtUnjeLt0acNdw98kKLrvuRVyB80tsREOE7yvGVgalhZ6RNXCmEHkUKBKxew=="
    },
    "is-buffer": {
      "version": "1.1.6",
      "resolved": "https://registry.npmjs.org/is-buffer/-/is-buffer-1.1.6.tgz",
      "integrity": "sha512-NcdALwpXkTm5Zvvbk7owOUSvVvBKDgKP5/ewfXEznmQFfs4ZRmanOeKBTjRVjka3QFoN6XJ+9F3USqfHqTaU5w=="
    },
    "is-extendable": {
      "version": "0.1.1",
      "resolved": "https://registry.npmjs.org/is-extendable/-/is-extendable-0.1.1.tgz",
      "integrity": "sha512-5BMULNob1vgFX6EjQw5izWDxrecWK9AM72rugNr0TFldMOi0fj6Jk+zeKIt0xGj4cEfQIJth4w3OKWOJ4f+AFw=="
    },
    "is-plain-object": {
      "version": "2.0.4",
      "resolved": "https://registry.npmjs.org/is-plain-object/-/is-plain-object-2.0.4.tgz",
      "integrity": "sha512-h5PpgXkWitc38BBMYawTYMWJHFZJVnBquFE57xFpjB8pJFiF6gZ+bU+WyI/yqXiFR5mdLsgYNaPe8uao6Uv9Og==",
      "requires": {
        "isobject": "^3.0.1"
      }
    },
    "is-primitive": {
      "version": "2.0.0",
      "resolved": "https://registry.npmjs.org/is-primitive/-/is-primitive-2.0.0.tgz",
      "integrity": "sha512-N3w1tFaRfk3UrPfqeRyD+GYDASU3W5VinKhlORy8EWVf/sIdDL9GAcew85XmktCfH+ngG7SRXEVDoO18WMdB/Q=="
    },
    "is-windows": {
      "version": "0.2.0",
      "resolved": "https://registry.npmjs.org/is-windows/-/is-windows-0.2.0.tgz",
      "integrity": "sha512-n67eJYmXbniZB7RF4I/FTjK1s6RPOCTxhYrVYLRaCt3lF0mpWZPKr3T2LSZAqyjQsxR2qMmGYXXzK0YWwcPM1Q=="
    },
    "isarray": {
      "version": "1.0.0",
      "resolved": "https://registry.npmjs.org/isarray/-/isarray-1.0.0.tgz",
      "integrity": "sha512-VLghIWNM6ELQzo7zwmcg0NmTVyWKYjvIeM83yjp0wRDTmUnrM678fQbcKBo6n2CJEF0szoG//ytg+TKla89ALQ=="
    },
    "isexe": {
      "version": "2.0.0",
      "resolved": "https://registry.npmjs.org/isexe/-/isexe-2.0.0.tgz",
      "integrity": "sha512-RHxMLp9lnKHGHRng9QFhRCMbYAcVpn69smSGcq3f36xjgVVWThj4qqLbTLlq7Ssj8B+fIQ1EuCEGI2lKsyQeIw=="
    },
    "isobject": {
      "version": "3.0.1",
      "resolved": "https://registry.npmjs.org/isobject/-/isobject-3.0.1.tgz",
      "integrity": "sha512-WhB9zCku7EGTj/HQQRz5aUQEUeoQZH2bWcltRErOpymJ4boYE6wL9Tbr23krRPSZ+C5zqNSrSw+Cc7sZZ4b7vg=="
    },
    "kind-of": {
      "version": "2.0.1",
      "resolved": "https://registry.npmjs.org/kind-of/-/kind-of-2.0.1.tgz",
      "integrity": "sha512-0u8i1NZ/mg0b+W3MGGw5I7+6Eib2nx72S/QvXa0hYjEkjTknYmEYQJwGu3mLC0BrhtJjtQafTkyRUQ75Kx0LVg==",
      "requires": {
        "is-buffer": "^1.0.2"
      }
    },
    "lazy-cache": {
      "version": "2.0.2",
      "resolved": "https://registry.npmjs.org/lazy-cache/-/lazy-cache-2.0.2.tgz",
      "integrity": "sha512-7vp2Acd2+Kz4XkzxGxaB1FWOi8KjWIWsgdfD5MCb86DWvlLqhRPM+d6Pro3iNEL5VT9mstz5hKAlcd+QR6H3aA==",
      "requires": {
        "set-getter": "^0.1.0"
      }
    },
    "leven": {
      "version": "2.1.0",
      "resolved": "https://registry.npmjs.org/leven/-/leven-2.1.0.tgz",
      "integrity": "sha512-nvVPLpIHUxCUoRLrFqTgSxXJ614d8AgQoWl7zPe/2VadE8+1dpU3LBhowRuBAcuwruWtOdD8oYC9jDNJjXDPyA=="
    },
    "load-pkg": {
      "version": "3.0.1",
      "resolved": "https://registry.npmjs.org/load-pkg/-/load-pkg-3.0.1.tgz",
      "integrity": "sha512-wW6PBOWKbPceeIamjHjoacmI0F7Q+JdHoYl1nYE3lGOQCmq+xAnfIp24dqhUSfsO6Y7YSlrmyi3JxvSiRnoivg==",
      "requires": {
        "find-pkg": "^0.1.0"
      }
    },
    "map-visit": {
      "version": "0.1.5",
      "resolved": "https://registry.npmjs.org/map-visit/-/map-visit-0.1.5.tgz",
      "integrity": "sha512-zdmJBFvvVR/H5wCfsCP7XxSLp+346yAZ30Wy2OsQLcH19OVGMWa3Ms9quO00lj9ybsySu3gKOINNgICb4Zqauw==",
      "requires": {
        "lazy-cache": "^2.0.1",
        "object-visit": "^0.3.4"
      }
    },
    "mixin-deep": {
      "version": "1.3.2",
      "resolved": "https://registry.npmjs.org/mixin-deep/-/mixin-deep-1.3.2.tgz",
      "integrity": "sha512-WRoDn//mXBiJ1H40rqa3vH0toePwSsGb45iInWlTySa+Uu4k3tYUSxa2v1KqAiLtvlrSzaExqS1gtk96A9zvEA==",
      "requires": {
        "for-in": "^1.0.2",
        "is-extendable": "^1.0.1"
      },
      "dependencies": {
        "is-extendable": {
          "version": "1.0.1",
          "resolved": "https://registry.npmjs.org/is-extendable/-/is-extendable-1.0.1.tgz",
          "integrity": "sha512-arnXMxT1hhoKo9k1LZdmlNyJdDDfy2v0fXjFlmok4+i8ul/6WlbVge9bhM74OpNPQPMGUToDtz+KXa1PneJxOA==",
          "requires": {
            "is-plain-object": "^2.0.4"
          }
        }
      }
    },
    "noncharacters": {
      "version": "1.1.0",
      "resolved": "https://registry.npmjs.org/noncharacters/-/noncharacters-1.1.0.tgz",
      "integrity": "sha512-U69XzMNq7UQXR27xT17tkQsHPsLc+5W9yfXvYzVCwFxghVf+7VttxFnCKFMxM/cHD+/QIyU009263hxIIurj4g=="
    },
    "object-visit": {
      "version": "0.3.4",
      "resolved": "https://registry.npmjs.org/object-visit/-/object-visit-0.3.4.tgz",
      "integrity": "sha512-6QNyX7uTuwqxP7pmDBqgBDKdmZws1rXriUyXM5KG6+7J0aYRuuAGoc636IGdLzgOL77WUwL+EpoTJrEHwWsyOA==",
      "requires": {
        "isobject": "^2.0.0"
      },
      "dependencies": {
        "isobject": {
          "version": "2.1.0",
          "resolved": "https://registry.npmjs.org/isobject/-/isobject-2.1.0.tgz",
          "integrity": "sha512-+OUdGJlgjOBZDfxnDjYYG6zp487z0JGNQq3cYQYg5f5hKR+syHMsaztzGeml/4kGG55CSpKSpWTY+jYGgsHLgA==",
          "requires": {
            "isarray": "1.0.0"
          }
        }
      }
    },
    "object.omit": {
      "version": "2.0.1",
      "resolved": "https://registry.npmjs.org/object.omit/-/object.omit-2.0.1.tgz",
      "integrity": "sha512-UiAM5mhmIuKLsOvrL+B0U2d1hXHF3bFYWIuH1LMpuV2EJEHG1Ntz06PgLEHjm6VFd87NpH8rastvPoyv6UW2fA==",
      "requires": {
        "for-own": "^0.1.4",
        "is-extendable": "^0.1.1"
      }
    },
    "omit-empty": {
      "version": "0.4.1",
      "resolved": "https://registry.npmjs.org/omit-empty/-/omit-empty-0.4.1.tgz",
      "integrity": "sha512-NwnVOAaLwUEYmvvwLKKqvG6BkSG0pu0yKhKc6uYbWerkIXe6Wi2HQ1qoL+Wksj3DCauRuNKIjZUsLyjLj1/lrw==",
      "requires": {
        "has-values": "^0.1.4",
        "kind-of": "^3.0.3",
        "reduce-object": "^0.1.3"
      },
      "dependencies": {
        "kind-of": {
          "version": "3.2.2",
          "resolved": "https://registry.npmjs.org/kind-of/-/kind-of-3.2.2.tgz",
          "integrity": "sha512-NOW9QQXMoZGg/oqnVNoNTTIFEIid1627WCffUBJEdMxYApq7mNE7CpzucIPc+ZQg25Phej7IJSmX3hO+oblOtQ==",
          "requires": {
            "is-buffer": "^1.1.5"
          }
        }
      }
    },
    "os-homedir": {
      "version": "1.0.2",
      "resolved": "https://registry.npmjs.org/os-homedir/-/os-homedir-1.0.2.tgz",
      "integrity": "sha512-B5JU3cabzk8c67mRRd3ECmROafjYMXbuzlwtqdM8IbS8ktlTix8aFGb2bAGKrSRIlnfKwovGUUr72JUPyOb6kQ=="
    },
    "parse-author": {
      "version": "2.0.0",
      "resolved": "https://registry.npmjs.org/parse-author/-/parse-author-2.0.0.tgz",
      "integrity": "sha512-yx5DfvkN8JsHL2xk2Os9oTia467qnvRgey4ahSm2X8epehBLx/gWLcy5KI+Y36ful5DzGbCS6RazqZGgy1gHNw==",
      "requires": {
        "author-regex": "^1.0.0"
      }
    },
    "parse-copyright": {
      "version": "0.4.0",
      "resolved": "https://registry.npmjs.org/parse-copyright/-/parse-copyright-0.4.0.tgz",
      "integrity": "sha512-+laAGFuT0eGgzwB6mDjyF9NIRSAMdZoS+uoNMJezK494l4YvWxqKSiUz2tcoEAnMIzDYHswj/WTQKUhB4rcy3w==",
      "requires": {
        "copyright-regex": "^1.1.4"
      }
    },
    "parse-passwd": {
      "version": "1.0.0",
      "resolved": "https://registry.npmjs.org/parse-passwd/-/parse-passwd-1.0.0.tgz",
      "integrity": "sha512-1Y1A//QUXEZK7YKz+rD9WydcE1+EuPr6ZBgKecAB8tmoW6UFv0NREVJe1p+jRxtThkcbbKkfwIbWJe/IeE6m2Q=="
    },
    "reduce-object": {
      "version": "0.1.3",
      "resolved": "https://registry.npmjs.org/reduce-object/-/reduce-object-0.1.3.tgz",
      "integrity": "sha512-7js/WmWoI5NRe/mfxUimt0rmj04lfhJIa8SDyt+OKasagu+KjffnVxElTKuZs1fRjytlN46BrDoVK+IsBVovtw==",
      "requires": {
        "for-own": "^0.1.1"
      }
    },
    "resolve-dir": {
      "version": "0.1.1",
      "resolved": "https://registry.npmjs.org/resolve-dir/-/resolve-dir-0.1.1.tgz",
      "integrity": "sha512-QxMPqI6le2u0dCLyiGzgy92kjkkL6zO0XyvHzjdTNH3zM6e5Hz3BwG6+aEyNgiQ5Xz6PwTwgQEj3U50dByPKIA==",
      "requires": {
        "expand-tilde": "^1.2.2",
        "global-modules": "^0.2.3"
      }
    },
    "set-getter": {
      "version": "0.1.1",
      "resolved": "https://registry.npmjs.org/set-getter/-/set-getter-0.1.1.tgz",
      "integrity": "sha512-9sVWOy+gthr+0G9DzqqLaYNA7+5OKkSmcqjL9cBpDEaZrr3ShQlyX2cZ/O/ozE41oxn/Tt0LGEM/w4Rub3A3gw==",
      "requires": {
        "to-object-path": "^0.3.0"
      }
    },
    "set-value": {
      "version": "0.2.0",
      "resolved": "https://registry.npmjs.org/set-value/-/set-value-0.2.0.tgz",
      "integrity": "sha512-dJaeu7V8d1KwjePimg1oOpGp31cEw/uRcZlfL7wwemkr+A00ev/ZhikvSMiQ4hkf83d8JdY2AFoFmXsKzmHMSw==",
      "requires": {
        "isobject": "^1.0.0",
        "noncharacters": "^1.1.0"
      },
      "dependencies": {
        "isobject": {
          "version": "1.0.2",
          "resolved": "https://registry.npmjs.org/isobject/-/isobject-1.0.2.tgz",
          "integrity": "sha512-WQQgFoML/sLgmhu9zTekYHZUJaPoa/fpVMQ8oxIuOvppzs70DxxyHZdAIjwcuuNDOVtNYsahhqtBbUvKwhRcGw=="
        }
      }
    },
    "to-object-path": {
      "version": "0.3.0",
      "resolved": "https://registry.npmjs.org/to-object-path/-/to-object-path-0.3.0.tgz",
      "integrity": "sha512-9mWHdnGRuh3onocaHzukyvCZhzvr6tiflAy/JRFXcJX0TjgfWA9pk9t8CMbzmBE4Jfw58pXbkngtBtqYxzNEyg==",
      "requires": {
        "kind-of": "^3.0.2"
      },
      "dependencies": {
        "kind-of": {
          "version": "3.2.2",
          "resolved": "https://registry.npmjs.org/kind-of/-/kind-of-3.2.2.tgz",
          "integrity": "sha512-NOW9QQXMoZGg/oqnVNoNTTIFEIid1627WCffUBJEdMxYApq7mNE7CpzucIPc+ZQg25Phej7IJSmX3hO+oblOtQ==",
          "requires": {
            "is-buffer": "^1.1.5"
          }
        }
      }
    },
    "update-copyright": {
      "version": "1.0.0",
      "resolved": "https://registry.npmjs.org/update-copyright/-/update-copyright-1.0.0.tgz",
      "integrity": "sha512-SzvJi0kl+CtcvY9XeESpAKbvwqcJXjW6kX1zjyQeAdng0yPyjZsU4JW+7le5mTQ7Orl/c5ANAVFFqael9abamQ==",
      "requires": {
        "engine": "^0.1.12",
        "isobject": "^3.0.0",
        "lazy-cache": "^2.0.2",
        "leven": "^2.1.0",
        "load-pkg": "^3.0.1",
        "mixin-deep": "^1.2.0",
        "omit-empty": "^0.4.1",
        "parse-author": "^2.0.0",
        "parse-copyright": "^0.4.0",
        "update-year": "^0.5.2",
        "year": "^0.2.1"
      }
    },
    "update-year": {
      "version": "0.5.2",
      "resolved": "https://registry.npmjs.org/update-year/-/update-year-0.5.2.tgz",
      "integrity": "sha512-1DTos/GWnIzZAweI25viTI2q9TCCnRstyyFW3oCwCqoz4Ya5exTPbt8gUS2V9c0pcfLgruemAQAxJ6uF1e/YlA==",
      "requires": {
        "array-unique": "^0.2.1",
        "year": "^0.2.1"
      }
    },
    "which": {
      "version": "1.3.1",
      "resolved": "https://registry.npmjs.org/which/-/which-1.3.1.tgz",
      "integrity": "sha512-HxJdYWq1MTIQbJ3nw0cqssHoTNU267KlrDuGZ1WYlxDStUtKUhOaJmh112/TZmHxxUfuJqPXSOm7tDyas0OSIQ==",
      "requires": {
        "isexe": "^2.0.0"
      }
    },
    "year": {
      "version": "0.2.1",
      "resolved": "https://registry.npmjs.org/year/-/year-0.2.1.tgz",
      "integrity": "sha512-9GnJUZ0QM4OgXuOzsKNzTJ5EOkums1Xc+3YQXp+Q+UxFjf7zLucp9dQ8QMIft0Szs1E1hUiXFim1OYfEKFq97w=="
    }
  }
}
